// !$*UTF8*$!
{
	archiveVersion = 1;
	classes = {
	};
	objectVersion = 50;
	objects = {

/* Begin PBXBuildFile section */
		4563FF55251F10EE00DF131C /* RudiApp.swift in Sources */ = {isa = PBXBuildFile; fileRef = 4563FF54251F10EE00DF131C /* RudiApp.swift */; };
		4563FF57251F10EE00DF131C /* ContentView.swift in Sources */ = {isa = PBXBuildFile; fileRef = 4563FF56251F10EE00DF131C /* ContentView.swift */; };
		4563FF59251F10F100DF131C /* Assets.xcassets in Resources */ = {isa = PBXBuildFile; fileRef = 4563FF58251F10F100DF131C /* Assets.xcassets */; };
		4563FF5C251F10F100DF131C /* Preview Assets.xcassets in Resources */ = {isa = PBXBuildFile; fileRef = 4563FF5B251F10F100DF131C /* Preview Assets.xcassets */; };
		4563FF5E251F10F100DF131C /* Persistence.swift in Sources */ = {isa = PBXBuildFile; fileRef = 4563FF5D251F10F100DF131C /* Persistence.swift */; };
		4563FF61251F10F100DF131C /* Rudi.xcdatamodeld in Sources */ = {isa = PBXBuildFile; fileRef = 4563FF5F251F10F100DF131C /* Rudi.xcdatamodeld */; };
		4564E1F1251F34DC00BE96DA /* RudiError.swift in Sources */ = {isa = PBXBuildFile; fileRef = 4564E1F0251F34DC00BE96DA /* RudiError.swift */; };
		45AE09B925207B3600F43EF2 /* Localizable.strings in Resources */ = {isa = PBXBuildFile; fileRef = 45AE09B825207B3600F43EF2 /* Localizable.strings */; };
		45AE09C3252099E100F43EF2 /* WidgetKit.framework in Frameworks */ = {isa = PBXBuildFile; fileRef = 45AE09C2252099E100F43EF2 /* WidgetKit.framework */; };
		45AE09C5252099E100F43EF2 /* SwiftUI.framework in Frameworks */ = {isa = PBXBuildFile; fileRef = 45AE09C4252099E100F43EF2 /* SwiftUI.framework */; };
		45AE09C8252099E100F43EF2 /* Rudi_Widget.swift in Sources */ = {isa = PBXBuildFile; fileRef = 45AE09C7252099E100F43EF2 /* Rudi_Widget.swift */; };
		45AE09CB252099E200F43EF2 /* Assets.xcassets in Resources */ = {isa = PBXBuildFile; fileRef = 45AE09CA252099E200F43EF2 /* Assets.xcassets */; };
		45AE09CD252099E200F43EF2 /* Rudi_Widget.intentdefinition in Sources */ = {isa = PBXBuildFile; fileRef = 45AE09C9252099E100F43EF2 /* Rudi_Widget.intentdefinition */; };
		45AE09CE252099E200F43EF2 /* Rudi_Widget.intentdefinition in Sources */ = {isa = PBXBuildFile; fileRef = 45AE09C9252099E100F43EF2 /* Rudi_Widget.intentdefinition */; };
		45AE09D1252099E200F43EF2 /* Rudi WidgetExtension.appex in Embed App Extensions */ = {isa = PBXBuildFile; fileRef = 45AE09C0252099E100F43EF2 /* Rudi WidgetExtension.appex */; settings = {ATTRIBUTES = (RemoveHeadersOnCopy, ); }; };
		45AE09DB25209A2700F43EF2 /* Rudi.swift in Sources */ = {isa = PBXBuildFile; fileRef = 45C4E009251F22DE00DA05A8 /* Rudi.swift */; };
		45AE09DE25209A2B00F43EF2 /* Rudi.xcdatamodeld in Sources */ = {isa = PBXBuildFile; fileRef = 4563FF5F251F10F100DF131C /* Rudi.xcdatamodeld */; };
		45AE09E125209A3300F43EF2 /* RudiError.swift in Sources */ = {isa = PBXBuildFile; fileRef = 4564E1F0251F34DC00BE96DA /* RudiError.swift */; };
		45AE09E425209A7500F43EF2 /* AmpelDataSet.swift in Sources */ = {isa = PBXBuildFile; fileRef = 45C4E010251F231600DA05A8 /* AmpelDataSet.swift */; };
		45AE09E725209A7800F43EF2 /* AmpelRegion.swift in Sources */ = {isa = PBXBuildFile; fileRef = 45C4E00F251F231600DA05A8 /* AmpelRegion.swift */; };
		45AE09EA25209A7D00F43EF2 /* Persistence.swift in Sources */ = {isa = PBXBuildFile; fileRef = 4563FF5D251F10F100DF131C /* Persistence.swift */; };
		45AE09ED25209F1D00F43EF2 /* Localizable.strings in Resources */ = {isa = PBXBuildFile; fileRef = 45AE09B825207B3600F43EF2 /* Localizable.strings */; };
		45B97939251F12A900CB2BB7 /* AmpelStartView.swift in Sources */ = {isa = PBXBuildFile; fileRef = 45B97938251F12A900CB2BB7 /* AmpelStartView.swift */; };
		45C4E007251F1A9400DA05A8 /* PreferencesView.swift in Sources */ = {isa = PBXBuildFile; fileRef = 45C4E006251F1A9400DA05A8 /* PreferencesView.swift */; };
		45C4E00A251F22DE00DA05A8 /* Rudi.swift in Sources */ = {isa = PBXBuildFile; fileRef = 45C4E009251F22DE00DA05A8 /* Rudi.swift */; };
		45C4E012251F231600DA05A8 /* AmpelRegion.swift in Sources */ = {isa = PBXBuildFile; fileRef = 45C4E00F251F231600DA05A8 /* AmpelRegion.swift */; };
		45C4E013251F231600DA05A8 /* AmpelRoot.swift in Sources */ = {isa = PBXBuildFile; fileRef = 45C4E011251F231600DA05A8 /* AmpelRoot.swift */; };
		45C4E014251F231600DA05A8 /* AmpelDataSet.swift in Sources */ = {isa = PBXBuildFile; fileRef = 45C4E010251F231600DA05A8 /* AmpelDataSet.swift */; };
/* End PBXBuildFile section */

/* Begin PBXContainerItemProxy section */
		45AE09CF252099E200F43EF2 /* PBXContainerItemProxy */ = {
			isa = PBXContainerItemProxy;
			containerPortal = 4563FF49251F10EE00DF131C /* Project object */;
			proxyType = 1;
			remoteGlobalIDString = 45AE09BF252099E100F43EF2;
			remoteInfo = "Rudi WidgetExtension";
		};
/* End PBXContainerItemProxy section */

/* Begin PBXCopyFilesBuildPhase section */
		45AE09D5252099E200F43EF2 /* Embed App Extensions */ = {
			isa = PBXCopyFilesBuildPhase;
			buildActionMask = 2147483647;
			dstPath = "";
			dstSubfolderSpec = 13;
			files = (
				45AE09D1252099E200F43EF2 /* Rudi WidgetExtension.appex in Embed App Extensions */,
			);
			name = "Embed App Extensions";
			runOnlyForDeploymentPostprocessing = 0;
		};
/* End PBXCopyFilesBuildPhase section */

/* Begin PBXFileReference section */
		4563FF51251F10EE00DF131C /* Rudi.app */ = {isa = PBXFileReference; explicitFileType = wrapper.application; includeInIndex = 0; path = Rudi.app; sourceTree = BUILT_PRODUCTS_DIR; };
		4563FF54251F10EE00DF131C /* RudiApp.swift */ = {isa = PBXFileReference; lastKnownFileType = sourcecode.swift; path = RudiApp.swift; sourceTree = "<group>"; };
		4563FF56251F10EE00DF131C /* ContentView.swift */ = {isa = PBXFileReference; lastKnownFileType = sourcecode.swift; path = ContentView.swift; sourceTree = "<group>"; };
		4563FF58251F10F100DF131C /* Assets.xcassets */ = {isa = PBXFileReference; lastKnownFileType = folder.assetcatalog; path = Assets.xcassets; sourceTree = "<group>"; };
		4563FF5B251F10F100DF131C /* Preview Assets.xcassets */ = {isa = PBXFileReference; lastKnownFileType = folder.assetcatalog; path = "Preview Assets.xcassets"; sourceTree = "<group>"; };
		4563FF5D251F10F100DF131C /* Persistence.swift */ = {isa = PBXFileReference; lastKnownFileType = sourcecode.swift; path = Persistence.swift; sourceTree = "<group>"; };
		4563FF60251F10F100DF131C /* Rudi.xcdatamodel */ = {isa = PBXFileReference; lastKnownFileType = wrapper.xcdatamodel; path = Rudi.xcdatamodel; sourceTree = "<group>"; };
		4563FF62251F10F100DF131C /* Info.plist */ = {isa = PBXFileReference; lastKnownFileType = text.plist.xml; path = Info.plist; sourceTree = "<group>"; };
		4564E1F0251F34DC00BE96DA /* RudiError.swift */ = {isa = PBXFileReference; fileEncoding = 4; lastKnownFileType = sourcecode.swift; path = RudiError.swift; sourceTree = "<group>"; };
		45AE09B825207B3600F43EF2 /* Localizable.strings */ = {isa = PBXFileReference; lastKnownFileType = text.plist.strings; path = Localizable.strings; sourceTree = "<group>"; };
		45AE09C0252099E100F43EF2 /* Rudi WidgetExtension.appex */ = {isa = PBXFileReference; explicitFileType = "wrapper.app-extension"; includeInIndex = 0; path = "Rudi WidgetExtension.appex"; sourceTree = BUILT_PRODUCTS_DIR; };
		45AE09C2252099E100F43EF2 /* WidgetKit.framework */ = {isa = PBXFileReference; lastKnownFileType = wrapper.framework; name = WidgetKit.framework; path = System/Library/Frameworks/WidgetKit.framework; sourceTree = SDKROOT; };
		45AE09C4252099E100F43EF2 /* SwiftUI.framework */ = {isa = PBXFileReference; lastKnownFileType = wrapper.framework; name = SwiftUI.framework; path = System/Library/Frameworks/SwiftUI.framework; sourceTree = SDKROOT; };
		45AE09C7252099E100F43EF2 /* Rudi_Widget.swift */ = {isa = PBXFileReference; lastKnownFileType = sourcecode.swift; path = Rudi_Widget.swift; sourceTree = "<group>"; };
		45AE09C9252099E100F43EF2 /* Rudi_Widget.intentdefinition */ = {isa = PBXFileReference; lastKnownFileType = file.intentdefinition; path = Rudi_Widget.intentdefinition; sourceTree = "<group>"; };
		45AE09CA252099E200F43EF2 /* Assets.xcassets */ = {isa = PBXFileReference; lastKnownFileType = folder.assetcatalog; path = Assets.xcassets; sourceTree = "<group>"; };
		45AE09CC252099E200F43EF2 /* Info.plist */ = {isa = PBXFileReference; lastKnownFileType = text.plist.xml; path = Info.plist; sourceTree = "<group>"; };
		45AE09D8252099ED00F43EF2 /* Rudi WidgetExtension.entitlements */ = {isa = PBXFileReference; lastKnownFileType = text.plist.entitlements; path = "Rudi WidgetExtension.entitlements"; sourceTree = "<group>"; };
		45B97938251F12A900CB2BB7 /* AmpelStartView.swift */ = {isa = PBXFileReference; lastKnownFileType = sourcecode.swift; path = AmpelStartView.swift; sourceTree = "<group>"; };
		45C4E006251F1A9400DA05A8 /* PreferencesView.swift */ = {isa = PBXFileReference; lastKnownFileType = sourcecode.swift; path = PreferencesView.swift; sourceTree = "<group>"; };
		45C4E009251F22DE00DA05A8 /* Rudi.swift */ = {isa = PBXFileReference; fileEncoding = 4; lastKnownFileType = sourcecode.swift; path = Rudi.swift; sourceTree = "<group>"; };
		45C4E00F251F231600DA05A8 /* AmpelRegion.swift */ = {isa = PBXFileReference; lastKnownFileType = sourcecode.swift; path = AmpelRegion.swift; sourceTree = "<group>"; };
		45C4E010251F231600DA05A8 /* AmpelDataSet.swift */ = {isa = PBXFileReference; lastKnownFileType = sourcecode.swift; path = AmpelDataSet.swift; sourceTree = "<group>"; };
		45C4E011251F231600DA05A8 /* AmpelRoot.swift */ = {isa = PBXFileReference; lastKnownFileType = sourcecode.swift; path = AmpelRoot.swift; sourceTree = "<group>"; };
		45E80935251F122B00665A50 /* Rudi.entitlements */ = {isa = PBXFileReference; lastKnownFileType = text.plist.entitlements; path = Rudi.entitlements; sourceTree = "<group>"; };
/* End PBXFileReference section */

/* Begin PBXFrameworksBuildPhase section */
		4563FF4E251F10EE00DF131C /* Frameworks */ = {
			isa = PBXFrameworksBuildPhase;
			buildActionMask = 2147483647;
			files = (
			);
			runOnlyForDeploymentPostprocessing = 0;
		};
		45AE09BD252099E100F43EF2 /* Frameworks */ = {
			isa = PBXFrameworksBuildPhase;
			buildActionMask = 2147483647;
			files = (
				45AE09C5252099E100F43EF2 /* SwiftUI.framework in Frameworks */,
				45AE09C3252099E100F43EF2 /* WidgetKit.framework in Frameworks */,
			);
			runOnlyForDeploymentPostprocessing = 0;
		};
/* End PBXFrameworksBuildPhase section */

/* Begin PBXGroup section */
		4563FF48251F10EE00DF131C = {
			isa = PBXGroup;
			children = (
				45AE09D8252099ED00F43EF2 /* Rudi WidgetExtension.entitlements */,
				4563FF53251F10EE00DF131C /* Rudi */,
				45AE09C6252099E100F43EF2 /* Rudi Widget */,
				45AE09C1252099E100F43EF2 /* Frameworks */,
				4563FF52251F10EE00DF131C /* Products */,
			);
			sourceTree = "<group>";
		};
		4563FF52251F10EE00DF131C /* Products */ = {
			isa = PBXGroup;
			children = (
				4563FF51251F10EE00DF131C /* Rudi.app */,
				45AE09C0252099E100F43EF2 /* Rudi WidgetExtension.appex */,
			);
			name = Products;
			sourceTree = "<group>";
		};
		4563FF53251F10EE00DF131C /* Rudi */ = {
			isa = PBXGroup;
			children = (
				45C4E019251F24CB00DA05A8 /* Codables */,
				45E80935251F122B00665A50 /* Rudi.entitlements */,
				4563FF54251F10EE00DF131C /* RudiApp.swift */,
				4563FF56251F10EE00DF131C /* ContentView.swift */,
				4563FF58251F10F100DF131C /* Assets.xcassets */,
				4563FF5D251F10F100DF131C /* Persistence.swift */,
				4563FF62251F10F100DF131C /* Info.plist */,
				4563FF5F251F10F100DF131C /* Rudi.xcdatamodeld */,
				45C4E009251F22DE00DA05A8 /* Rudi.swift */,
				4563FF5A251F10F100DF131C /* Preview Content */,
				45B97938251F12A900CB2BB7 /* AmpelStartView.swift */,
				45C4E006251F1A9400DA05A8 /* PreferencesView.swift */,
				4564E1F0251F34DC00BE96DA /* RudiError.swift */,
				45AE09B825207B3600F43EF2 /* Localizable.strings */,
			);
			path = Rudi;
			sourceTree = "<group>";
		};
		4563FF5A251F10F100DF131C /* Preview Content */ = {
			isa = PBXGroup;
			children = (
				4563FF5B251F10F100DF131C /* Preview Assets.xcassets */,
			);
			path = "Preview Content";
			sourceTree = "<group>";
		};
		45AE09C1252099E100F43EF2 /* Frameworks */ = {
			isa = PBXGroup;
			children = (
				45AE09C2252099E100F43EF2 /* WidgetKit.framework */,
				45AE09C4252099E100F43EF2 /* SwiftUI.framework */,
			);
			name = Frameworks;
			sourceTree = "<group>";
		};
		45AE09C6252099E100F43EF2 /* Rudi Widget */ = {
			isa = PBXGroup;
			children = (
				45AE09C7252099E100F43EF2 /* Rudi_Widget.swift */,
				45AE09C9252099E100F43EF2 /* Rudi_Widget.intentdefinition */,
				45AE09CA252099E200F43EF2 /* Assets.xcassets */,
				45AE09CC252099E200F43EF2 /* Info.plist */,
			);
			path = "Rudi Widget";
			sourceTree = "<group>";
		};
		45C4E019251F24CB00DA05A8 /* Codables */ = {
			isa = PBXGroup;
			children = (
				45C4E010251F231600DA05A8 /* AmpelDataSet.swift */,
				45C4E00F251F231600DA05A8 /* AmpelRegion.swift */,
				45C4E011251F231600DA05A8 /* AmpelRoot.swift */,
			);
			path = Codables;
			sourceTree = "<group>";
		};
/* End PBXGroup section */

/* Begin PBXNativeTarget section */
		4563FF50251F10EE00DF131C /* Rudi */ = {
			isa = PBXNativeTarget;
			buildConfigurationList = 4563FF65251F10F100DF131C /* Build configuration list for PBXNativeTarget "Rudi" */;
			buildPhases = (
				4563FF4D251F10EE00DF131C /* Sources */,
				4563FF4E251F10EE00DF131C /* Frameworks */,
				4563FF4F251F10EE00DF131C /* Resources */,
				45AE09D5252099E200F43EF2 /* Embed App Extensions */,
			);
			buildRules = (
			);
			dependencies = (
				45AE09D0252099E200F43EF2 /* PBXTargetDependency */,
			);
			name = Rudi;
			productName = Rudi;
			productReference = 4563FF51251F10EE00DF131C /* Rudi.app */;
			productType = "com.apple.product-type.application";
		};
		45AE09BF252099E100F43EF2 /* Rudi WidgetExtension */ = {
			isa = PBXNativeTarget;
			buildConfigurationList = 45AE09D2252099E200F43EF2 /* Build configuration list for PBXNativeTarget "Rudi WidgetExtension" */;
			buildPhases = (
				45AE09BC252099E100F43EF2 /* Sources */,
				45AE09BD252099E100F43EF2 /* Frameworks */,
				45AE09BE252099E100F43EF2 /* Resources */,
			);
			buildRules = (
			);
			dependencies = (
			);
			name = "Rudi WidgetExtension";
			productName = "Rudi WidgetExtension";
			productReference = 45AE09C0252099E100F43EF2 /* Rudi WidgetExtension.appex */;
			productType = "com.apple.product-type.app-extension";
		};
/* End PBXNativeTarget section */

/* Begin PBXProject section */
		4563FF49251F10EE00DF131C /* Project object */ = {
			isa = PBXProject;
			attributes = {
				LastSwiftUpdateCheck = 1200;
				LastUpgradeCheck = 1200;
				TargetAttributes = {
					4563FF50251F10EE00DF131C = {
						CreatedOnToolsVersion = 12.0;
					};
					45AE09BF252099E100F43EF2 = {
						CreatedOnToolsVersion = 12.0;
					};
				};
			};
			buildConfigurationList = 4563FF4C251F10EE00DF131C /* Build configuration list for PBXProject "Rudi" */;
			compatibilityVersion = "Xcode 9.3";
			developmentRegion = de;
			hasScannedForEncodings = 0;
			knownRegions = (
				de,
			);
			mainGroup = 4563FF48251F10EE00DF131C;
			productRefGroup = 4563FF52251F10EE00DF131C /* Products */;
			projectDirPath = "";
			projectRoot = "";
			targets = (
				4563FF50251F10EE00DF131C /* Rudi */,
				45AE09BF252099E100F43EF2 /* Rudi WidgetExtension */,
			);
		};
/* End PBXProject section */

/* Begin PBXResourcesBuildPhase section */
		4563FF4F251F10EE00DF131C /* Resources */ = {
			isa = PBXResourcesBuildPhase;
			buildActionMask = 2147483647;
			files = (
				4563FF5C251F10F100DF131C /* Preview Assets.xcassets in Resources */,
				45AE09B925207B3600F43EF2 /* Localizable.strings in Resources */,
				4563FF59251F10F100DF131C /* Assets.xcassets in Resources */,
			);
			runOnlyForDeploymentPostprocessing = 0;
		};
		45AE09BE252099E100F43EF2 /* Resources */ = {
			isa = PBXResourcesBuildPhase;
			buildActionMask = 2147483647;
			files = (
				45AE09CB252099E200F43EF2 /* Assets.xcassets in Resources */,
				45AE09ED25209F1D00F43EF2 /* Localizable.strings in Resources */,
			);
			runOnlyForDeploymentPostprocessing = 0;
		};
/* End PBXResourcesBuildPhase section */

/* Begin PBXSourcesBuildPhase section */
		4563FF4D251F10EE00DF131C /* Sources */ = {
			isa = PBXSourcesBuildPhase;
			buildActionMask = 2147483647;
			files = (
				4563FF5E251F10F100DF131C /* Persistence.swift in Sources */,
				45C4E007251F1A9400DA05A8 /* PreferencesView.swift in Sources */,
				45C4E00A251F22DE00DA05A8 /* Rudi.swift in Sources */,
				4563FF61251F10F100DF131C /* Rudi.xcdatamodeld in Sources */,
				45AE09CE252099E200F43EF2 /* Rudi_Widget.intentdefinition in Sources */,
				4563FF57251F10EE00DF131C /* ContentView.swift in Sources */,
				4564E1F1251F34DC00BE96DA /* RudiError.swift in Sources */,
				45B97939251F12A900CB2BB7 /* AmpelStartView.swift in Sources */,
				4563FF55251F10EE00DF131C /* RudiApp.swift in Sources */,
				45C4E013251F231600DA05A8 /* AmpelRoot.swift in Sources */,
				45C4E014251F231600DA05A8 /* AmpelDataSet.swift in Sources */,
				45C4E012251F231600DA05A8 /* AmpelRegion.swift in Sources */,
			);
			runOnlyForDeploymentPostprocessing = 0;
		};
		45AE09BC252099E100F43EF2 /* Sources */ = {
			isa = PBXSourcesBuildPhase;
			buildActionMask = 2147483647;
			files = (
				45AE09E425209A7500F43EF2 /* AmpelDataSet.swift in Sources */,
				45AE09EA25209A7D00F43EF2 /* Persistence.swift in Sources */,
				45AE09DB25209A2700F43EF2 /* Rudi.swift in Sources */,
				45AE09DE25209A2B00F43EF2 /* Rudi.xcdatamodeld in Sources */,
				45AE09E725209A7800F43EF2 /* AmpelRegion.swift in Sources */,
				45AE09CD252099E200F43EF2 /* Rudi_Widget.intentdefinition in Sources */,
				45AE09E125209A3300F43EF2 /* RudiError.swift in Sources */,
				45AE09C8252099E100F43EF2 /* Rudi_Widget.swift in Sources */,
			);
			runOnlyForDeploymentPostprocessing = 0;
		};
/* End PBXSourcesBuildPhase section */

/* Begin PBXTargetDependency section */
		45AE09D0252099E200F43EF2 /* PBXTargetDependency */ = {
			isa = PBXTargetDependency;
			target = 45AE09BF252099E100F43EF2 /* Rudi WidgetExtension */;
			targetProxy = 45AE09CF252099E200F43EF2 /* PBXContainerItemProxy */;
		};
/* End PBXTargetDependency section */

/* Begin XCBuildConfiguration section */
		4563FF63251F10F100DF131C /* Debug */ = {
			isa = XCBuildConfiguration;
			buildSettings = {
				ALWAYS_SEARCH_USER_PATHS = NO;
				CLANG_ANALYZER_NONNULL = YES;
				CLANG_ANALYZER_NUMBER_OBJECT_CONVERSION = YES_AGGRESSIVE;
				CLANG_CXX_LANGUAGE_STANDARD = "gnu++14";
				CLANG_CXX_LIBRARY = "libc++";
				CLANG_ENABLE_MODULES = YES;
				CLANG_ENABLE_OBJC_ARC = YES;
				CLANG_ENABLE_OBJC_WEAK = YES;
				CLANG_WARN_BLOCK_CAPTURE_AUTORELEASING = YES;
				CLANG_WARN_BOOL_CONVERSION = YES;
				CLANG_WARN_COMMA = YES;
				CLANG_WARN_CONSTANT_CONVERSION = YES;
				CLANG_WARN_DEPRECATED_OBJC_IMPLEMENTATIONS = YES;
				CLANG_WARN_DIRECT_OBJC_ISA_USAGE = YES_ERROR;
				CLANG_WARN_DOCUMENTATION_COMMENTS = YES;
				CLANG_WARN_EMPTY_BODY = YES;
				CLANG_WARN_ENUM_CONVERSION = YES;
				CLANG_WARN_INFINITE_RECURSION = YES;
				CLANG_WARN_INT_CONVERSION = YES;
				CLANG_WARN_NON_LITERAL_NULL_CONVERSION = YES;
				CLANG_WARN_OBJC_IMPLICIT_RETAIN_SELF = YES;
				CLANG_WARN_OBJC_LITERAL_CONVERSION = YES;
				CLANG_WARN_OBJC_ROOT_CLASS = YES_ERROR;
				CLANG_WARN_QUOTED_INCLUDE_IN_FRAMEWORK_HEADER = YES;
				CLANG_WARN_RANGE_LOOP_ANALYSIS = YES;
				CLANG_WARN_STRICT_PROTOTYPES = YES;
				CLANG_WARN_SUSPICIOUS_MOVE = YES;
				CLANG_WARN_UNGUARDED_AVAILABILITY = YES_AGGRESSIVE;
				CLANG_WARN_UNREACHABLE_CODE = YES;
				CLANG_WARN__DUPLICATE_METHOD_MATCH = YES;
				COPY_PHASE_STRIP = NO;
				DEBUG_INFORMATION_FORMAT = dwarf;
				ENABLE_STRICT_OBJC_MSGSEND = YES;
				ENABLE_TESTABILITY = YES;
				GCC_C_LANGUAGE_STANDARD = gnu11;
				GCC_DYNAMIC_NO_PIC = NO;
				GCC_NO_COMMON_BLOCKS = YES;
				GCC_OPTIMIZATION_LEVEL = 0;
				GCC_PREPROCESSOR_DEFINITIONS = (
					"DEBUG=1",
					"$(inherited)",
				);
				GCC_WARN_64_TO_32_BIT_CONVERSION = YES;
				GCC_WARN_ABOUT_RETURN_TYPE = YES_ERROR;
				GCC_WARN_UNDECLARED_SELECTOR = YES;
				GCC_WARN_UNINITIALIZED_AUTOS = YES_AGGRESSIVE;
				GCC_WARN_UNUSED_FUNCTION = YES;
				GCC_WARN_UNUSED_VARIABLE = YES;
				IPHONEOS_DEPLOYMENT_TARGET = 14.0;
				MTL_ENABLE_DEBUG_INFO = INCLUDE_SOURCE;
				MTL_FAST_MATH = YES;
				ONLY_ACTIVE_ARCH = YES;
				SDKROOT = iphoneos;
				SWIFT_ACTIVE_COMPILATION_CONDITIONS = DEBUG;
				SWIFT_OPTIMIZATION_LEVEL = "-Onone";
			};
			name = Debug;
		};
		4563FF64251F10F100DF131C /* Release */ = {
			isa = XCBuildConfiguration;
			buildSettings = {
				ALWAYS_SEARCH_USER_PATHS = NO;
				CLANG_ANALYZER_NONNULL = YES;
				CLANG_ANALYZER_NUMBER_OBJECT_CONVERSION = YES_AGGRESSIVE;
				CLANG_CXX_LANGUAGE_STANDARD = "gnu++14";
				CLANG_CXX_LIBRARY = "libc++";
				CLANG_ENABLE_MODULES = YES;
				CLANG_ENABLE_OBJC_ARC = YES;
				CLANG_ENABLE_OBJC_WEAK = YES;
				CLANG_WARN_BLOCK_CAPTURE_AUTORELEASING = YES;
				CLANG_WARN_BOOL_CONVERSION = YES;
				CLANG_WARN_COMMA = YES;
				CLANG_WARN_CONSTANT_CONVERSION = YES;
				CLANG_WARN_DEPRECATED_OBJC_IMPLEMENTATIONS = YES;
				CLANG_WARN_DIRECT_OBJC_ISA_USAGE = YES_ERROR;
				CLANG_WARN_DOCUMENTATION_COMMENTS = YES;
				CLANG_WARN_EMPTY_BODY = YES;
				CLANG_WARN_ENUM_CONVERSION = YES;
				CLANG_WARN_INFINITE_RECURSION = YES;
				CLANG_WARN_INT_CONVERSION = YES;
				CLANG_WARN_NON_LITERAL_NULL_CONVERSION = YES;
				CLANG_WARN_OBJC_IMPLICIT_RETAIN_SELF = YES;
				CLANG_WARN_OBJC_LITERAL_CONVERSION = YES;
				CLANG_WARN_OBJC_ROOT_CLASS = YES_ERROR;
				CLANG_WARN_QUOTED_INCLUDE_IN_FRAMEWORK_HEADER = YES;
				CLANG_WARN_RANGE_LOOP_ANALYSIS = YES;
				CLANG_WARN_STRICT_PROTOTYPES = YES;
				CLANG_WARN_SUSPICIOUS_MOVE = YES;
				CLANG_WARN_UNGUARDED_AVAILABILITY = YES_AGGRESSIVE;
				CLANG_WARN_UNREACHABLE_CODE = YES;
				CLANG_WARN__DUPLICATE_METHOD_MATCH = YES;
				COPY_PHASE_STRIP = NO;
				DEBUG_INFORMATION_FORMAT = "dwarf-with-dsym";
				ENABLE_NS_ASSERTIONS = NO;
				ENABLE_STRICT_OBJC_MSGSEND = YES;
				GCC_C_LANGUAGE_STANDARD = gnu11;
				GCC_NO_COMMON_BLOCKS = YES;
				GCC_WARN_64_TO_32_BIT_CONVERSION = YES;
				GCC_WARN_ABOUT_RETURN_TYPE = YES_ERROR;
				GCC_WARN_UNDECLARED_SELECTOR = YES;
				GCC_WARN_UNINITIALIZED_AUTOS = YES_AGGRESSIVE;
				GCC_WARN_UNUSED_FUNCTION = YES;
				GCC_WARN_UNUSED_VARIABLE = YES;
				IPHONEOS_DEPLOYMENT_TARGET = 14.0;
				MTL_ENABLE_DEBUG_INFO = NO;
				MTL_FAST_MATH = YES;
				SDKROOT = iphoneos;
				SWIFT_COMPILATION_MODE = wholemodule;
				SWIFT_OPTIMIZATION_LEVEL = "-O";
				VALIDATE_PRODUCT = YES;
			};
			name = Release;
		};
		4563FF66251F10F100DF131C /* Debug */ = {
			isa = XCBuildConfiguration;
			buildSettings = {
				ALWAYS_EMBED_SWIFT_STANDARD_LIBRARIES = YES;
				ASSETCATALOG_COMPILER_APPICON_NAME = AppIcon;
				ASSETCATALOG_COMPILER_GLOBAL_ACCENT_COLOR_NAME = AccentColor;
				CODE_SIGN_ENTITLEMENTS = Rudi/Rudi.entitlements;
				CODE_SIGN_STYLE = Automatic;
				CURRENT_PROJECT_VERSION = 3;
				DEVELOPMENT_ASSET_PATHS = "\"Rudi/Preview Content\"";
				DEVELOPMENT_TEAM = PMCWJ9GD9L;
				ENABLE_PREVIEWS = YES;
				INFOPLIST_FILE = Rudi/Info.plist;
				IPHONEOS_DEPLOYMENT_TARGET = 14.0;
				LD_RUNPATH_SEARCH_PATHS = (
					"$(inherited)",
					"@executable_path/Frameworks",
				);
				PRODUCT_BUNDLE_IDENTIFIER = com.nitricware.Rudi;
				PRODUCT_NAME = "$(TARGET_NAME)";
				SWIFT_VERSION = 5.0;
				TARGETED_DEVICE_FAMILY = 1;
			};
			name = Debug;
		};
		4563FF67251F10F100DF131C /* Release */ = {
			isa = XCBuildConfiguration;
			buildSettings = {
				ALWAYS_EMBED_SWIFT_STANDARD_LIBRARIES = YES;
				ASSETCATALOG_COMPILER_APPICON_NAME = AppIcon;
				ASSETCATALOG_COMPILER_GLOBAL_ACCENT_COLOR_NAME = AccentColor;
				CODE_SIGN_ENTITLEMENTS = Rudi/Rudi.entitlements;
				CODE_SIGN_STYLE = Automatic;
				CURRENT_PROJECT_VERSION = 3;
				DEVELOPMENT_ASSET_PATHS = "\"Rudi/Preview Content\"";
				DEVELOPMENT_TEAM = PMCWJ9GD9L;
				ENABLE_PREVIEWS = YES;
				INFOPLIST_FILE = Rudi/Info.plist;
				IPHONEOS_DEPLOYMENT_TARGET = 14.0;
				LD_RUNPATH_SEARCH_PATHS = (
					"$(inherited)",
					"@executable_path/Frameworks",
				);
				PRODUCT_BUNDLE_IDENTIFIER = com.nitricware.Rudi;
				PRODUCT_NAME = "$(TARGET_NAME)";
				SWIFT_VERSION = 5.0;
				TARGETED_DEVICE_FAMILY = 1;
			};
			name = Release;
		};
		45AE09D3252099E200F43EF2 /* Debug */ = {
			isa = XCBuildConfiguration;
			buildSettings = {
				ASSETCATALOG_COMPILER_GLOBAL_ACCENT_COLOR_NAME = AccentColor;
				ASSETCATALOG_COMPILER_WIDGET_BACKGROUND_COLOR_NAME = WidgetBackground;
				CODE_SIGN_ENTITLEMENTS = "Rudi WidgetExtension.entitlements";
				CODE_SIGN_STYLE = Automatic;
				CURRENT_PROJECT_VERSION = 3;
				DEVELOPMENT_TEAM = PMCWJ9GD9L;
				INFOPLIST_FILE = "Rudi Widget/Info.plist";
				LD_RUNPATH_SEARCH_PATHS = (
					"$(inherited)",
					"@executable_path/Frameworks",
					"@executable_path/../../Frameworks",
				);
				PRODUCT_BUNDLE_IDENTIFIER = "com.nitricware.Rudi.Rudi-Widget";
				PRODUCT_NAME = "$(TARGET_NAME)";
				SKIP_INSTALL = YES;
				SWIFT_VERSION = 5.0;
				TARGETED_DEVICE_FAMILY = 1;
			};
			name = Debug;
		};
		45AE09D4252099E200F43EF2 /* Release */ = {
			isa = XCBuildConfiguration;
			buildSettings = {
				ASSETCATALOG_COMPILER_GLOBAL_ACCENT_COLOR_NAME = AccentColor;
				ASSETCATALOG_COMPILER_WIDGET_BACKGROUND_COLOR_NAME = WidgetBackground;
				CODE_SIGN_ENTITLEMENTS = "Rudi WidgetExtension.entitlements";
				CODE_SIGN_STYLE = Automatic;
				CURRENT_PROJECT_VERSION = 3;
				DEVELOPMENT_TEAM = PMCWJ9GD9L;
				INFOPLIST_FILE = "Rudi Widget/Info.plist";
				LD_RUNPATH_SEARCH_PATHS = (
					"$(inherited)",
					"@executable_path/Frameworks",
					"@executable_path/../../Frameworks",
				);
				PRODUCT_BUNDLE_IDENTIFIER = "com.nitricware.Rudi.Rudi-Widget";
				PRODUCT_NAME = "$(TARGET_NAME)";
				SKIP_INSTALL = YES;
				SWIFT_VERSION = 5.0;
				TARGETED_DEVICE_FAMILY = 1;
			};
			name = Release;
		};
/* End XCBuildConfiguration section */

/* Begin XCConfigurationList section */
		4563FF4C251F10EE00DF131C /* Build configuration list for PBXProject "Rudi" */ = {
			isa = XCConfigurationList;
			buildConfigurations = (
				4563FF63251F10F100DF131C /* Debug */,
				4563FF64251F10F100DF131C /* Release */,
			);
			defaultConfigurationIsVisible = 0;
			defaultConfigurationName = Release;
		};
		4563FF65251F10F100DF131C /* Build configuration list for PBXNativeTarget "Rudi" */ = {
			isa = XCConfigurationList;
			buildConfigurations = (
				4563FF66251F10F100DF131C /* Debug */,
				4563FF67251F10F100DF131C /* Release */,
			);
			defaultConfigurationIsVisible = 0;
			defaultConfigurationName = Release;
		};
		45AE09D2252099E200F43EF2 /* Build configuration list for PBXNativeTarget "Rudi WidgetExtension" */ = {
			isa = XCConfigurationList;
			buildConfigurations = (
				45AE09D3252099E200F43EF2 /* Debug */,
				45AE09D4252099E200F43EF2 /* Release */,
			);
			defaultConfigurationIsVisible = 0;
			defaultConfigurationName = Release;
		};
/* End XCConfigurationList section */

/* Begin XCVersionGroup section */
		4563FF5F251F10F100DF131C /* Rudi.xcdatamodeld */ = {
			isa = XCVersionGroup;
			children = (
				4563FF60251F10F100DF131C /* Rudi.xcdatamodel */,
			);
			currentVersion = 4563FF60251F10F100DF131C /* Rudi.xcdatamodel */;
			path = Rudi.xcdatamodeld;
			sourceTree = "<group>";
			versionGroupType = wrapper.xcdatamodel;
		};
/* End XCVersionGroup section */
	};
	rootObject = 4563FF49251F10EE00DF131C /* Project object */;
}
