// !$*UTF8*$!
{
	archiveVersion = 1;
	classes = {
	};
	objectVersion = 50;
	objects = {

/* Begin PBXBuildFile section */
		4537355F2524E42D0017B036 /* CircleExtension.swift in Sources */ = {isa = PBXBuildFile; fileRef = 4537355E2524E42C0017B036 /* CircleExtension.swift */; };
		455C6125254C1E22008C71D5 /* WidgetKit.framework in Frameworks */ = {isa = PBXBuildFile; fileRef = 45AE09C2252099E100F43EF2 /* WidgetKit.framework */; };
		455C6126254C1E22008C71D5 /* SwiftUI.framework in Frameworks */ = {isa = PBXBuildFile; fileRef = 45AE09C4252099E100F43EF2 /* SwiftUI.framework */; };
		455C6129254C1E22008C71D5 /* RudiWidget.swift in Sources */ = {isa = PBXBuildFile; fileRef = 455C6128254C1E22008C71D5 /* RudiWidget.swift */; };
		455C612B254C1E22008C71D5 /* Assets.xcassets in Resources */ = {isa = PBXBuildFile; fileRef = 455C612A254C1E22008C71D5 /* Assets.xcassets */; };
		455C612F254C1E22008C71D5 /* RudiWidgetExtension.appex in Embed App Extensions */ = {isa = PBXBuildFile; fileRef = 455C6124254C1E22008C71D5 /* RudiWidgetExtension.appex */; settings = {ATTRIBUTES = (RemoveHeadersOnCopy, ); }; };
		455C6136254C1E7D008C71D5 /* AlertTypes.swift in Sources */ = {isa = PBXBuildFile; fileRef = 4567E3042533227200AF0333 /* AlertTypes.swift */; };
		455C613A254C1E7F008C71D5 /* CircleExtension.swift in Sources */ = {isa = PBXBuildFile; fileRef = 4537355E2524E42C0017B036 /* CircleExtension.swift */; };
		455C613E254C1E85008C71D5 /* AmpelDataSet.swift in Sources */ = {isa = PBXBuildFile; fileRef = 45C4E010251F231600DA05A8 /* AmpelDataSet.swift */; };
		455C6142254C1E88008C71D5 /* AmpelRegion.swift in Sources */ = {isa = PBXBuildFile; fileRef = 45C4E00F251F231600DA05A8 /* AmpelRegion.swift */; };
		455C614D254C1E8F008C71D5 /* Persistence.swift in Sources */ = {isa = PBXBuildFile; fileRef = 4563FF5D251F10F100DF131C /* Persistence.swift */; };
		455C6151254C1E93008C71D5 /* RudiError.swift in Sources */ = {isa = PBXBuildFile; fileRef = 4564E1F0251F34DC00BE96DA /* RudiError.swift */; };
		455C6155254C1E97008C71D5 /* Localizable.strings in Resources */ = {isa = PBXBuildFile; fileRef = 45AE09B825207B3600F43EF2 /* Localizable.strings */; };
		455C6159254C1EA9008C71D5 /* Rudi.swift in Sources */ = {isa = PBXBuildFile; fileRef = 45C4E009251F22DE00DA05A8 /* Rudi.swift */; };
		455C615D254C1EB7008C71D5 /* Rudi.xcdatamodeld in Sources */ = {isa = PBXBuildFile; fileRef = 4563FF5F251F10F100DF131C /* Rudi.xcdatamodeld */; };
		4563FF55251F10EE00DF131C /* RudiApp.swift in Sources */ = {isa = PBXBuildFile; fileRef = 4563FF54251F10EE00DF131C /* RudiApp.swift */; };
		4563FF59251F10F100DF131C /* Assets.xcassets in Resources */ = {isa = PBXBuildFile; fileRef = 4563FF58251F10F100DF131C /* Assets.xcassets */; };
		4563FF5C251F10F100DF131C /* Preview Assets.xcassets in Resources */ = {isa = PBXBuildFile; fileRef = 4563FF5B251F10F100DF131C /* Preview Assets.xcassets */; };
		4563FF5E251F10F100DF131C /* Persistence.swift in Sources */ = {isa = PBXBuildFile; fileRef = 4563FF5D251F10F100DF131C /* Persistence.swift */; };
		4563FF61251F10F100DF131C /* Rudi.xcdatamodeld in Sources */ = {isa = PBXBuildFile; fileRef = 4563FF5F251F10F100DF131C /* Rudi.xcdatamodeld */; };
		4564E1F1251F34DC00BE96DA /* RudiError.swift in Sources */ = {isa = PBXBuildFile; fileRef = 4564E1F0251F34DC00BE96DA /* RudiError.swift */; };
		4567E3052533227200AF0333 /* AlertTypes.swift in Sources */ = {isa = PBXBuildFile; fileRef = 4567E3042533227200AF0333 /* AlertTypes.swift */; };
		45AE09B925207B3600F43EF2 /* Localizable.strings in Resources */ = {isa = PBXBuildFile; fileRef = 45AE09B825207B3600F43EF2 /* Localizable.strings */; };
		45B146C6252788EA000D1A97 /* AmpelStartViewExtension.swift in Sources */ = {isa = PBXBuildFile; fileRef = 45B146C5252788EA000D1A97 /* AmpelStartViewExtension.swift */; };
		45B97939251F12A900CB2BB7 /* AmpelStartView.swift in Sources */ = {isa = PBXBuildFile; fileRef = 45B97938251F12A900CB2BB7 /* AmpelStartView.swift */; };
		45C4E007251F1A9400DA05A8 /* PreferencesView.swift in Sources */ = {isa = PBXBuildFile; fileRef = 45C4E006251F1A9400DA05A8 /* PreferencesView.swift */; };
		45C4E00A251F22DE00DA05A8 /* Rudi.swift in Sources */ = {isa = PBXBuildFile; fileRef = 45C4E009251F22DE00DA05A8 /* Rudi.swift */; };
		45C4E012251F231600DA05A8 /* AmpelRegion.swift in Sources */ = {isa = PBXBuildFile; fileRef = 45C4E00F251F231600DA05A8 /* AmpelRegion.swift */; };
		45C4E014251F231600DA05A8 /* AmpelDataSet.swift in Sources */ = {isa = PBXBuildFile; fileRef = 45C4E010251F231600DA05A8 /* AmpelDataSet.swift */; };
/* End PBXBuildFile section */

/* Begin PBXContainerItemProxy section */
		455C612D254C1E22008C71D5 /* PBXContainerItemProxy */ = {
			isa = PBXContainerItemProxy;
			containerPortal = 4563FF49251F10EE00DF131C /* Project object */;
			proxyType = 1;
			remoteGlobalIDString = 455C6123254C1E22008C71D5;
			remoteInfo = RudiWidgetExtension;
		};
/* End PBXContainerItemProxy section */

/* Begin PBXCopyFilesBuildPhase section */
		45AE09D5252099E200F43EF2 /* Embed App Extensions */ = {
			isa = PBXCopyFilesBuildPhase;
			buildActionMask = 2147483647;
			dstPath = "";
			dstSubfolderSpec = 13;
			files = (
				455C612F254C1E22008C71D5 /* RudiWidgetExtension.appex in Embed App Extensions */,
			);
			name = "Embed App Extensions";
			runOnlyForDeploymentPostprocessing = 0;
		};
/* End PBXCopyFilesBuildPhase section */

/* Begin PBXFileReference section */
		452B58F5254C22E9003332FD /* RudiWidgetExtension.entitlements */ = {isa = PBXFileReference; lastKnownFileType = text.plist.entitlements; path = RudiWidgetExtension.entitlements; sourceTree = "<group>"; };
		4537355E2524E42C0017B036 /* CircleExtension.swift */ = {isa = PBXFileReference; lastKnownFileType = sourcecode.swift; path = CircleExtension.swift; sourceTree = "<group>"; };
		455C6124254C1E22008C71D5 /* RudiWidgetExtension.appex */ = {isa = PBXFileReference; explicitFileType = "wrapper.app-extension"; includeInIndex = 0; path = RudiWidgetExtension.appex; sourceTree = BUILT_PRODUCTS_DIR; };
		455C6128254C1E22008C71D5 /* RudiWidget.swift */ = {isa = PBXFileReference; lastKnownFileType = sourcecode.swift; path = RudiWidget.swift; sourceTree = "<group>"; };
		455C612A254C1E22008C71D5 /* Assets.xcassets */ = {isa = PBXFileReference; lastKnownFileType = folder.assetcatalog; path = Assets.xcassets; sourceTree = "<group>"; };
		455C612C254C1E22008C71D5 /* Info.plist */ = {isa = PBXFileReference; lastKnownFileType = text.plist.xml; path = Info.plist; sourceTree = "<group>"; };
		4563FF51251F10EE00DF131C /* Rudi.app */ = {isa = PBXFileReference; explicitFileType = wrapper.application; includeInIndex = 0; path = Rudi.app; sourceTree = BUILT_PRODUCTS_DIR; };
		4563FF54251F10EE00DF131C /* RudiApp.swift */ = {isa = PBXFileReference; lastKnownFileType = sourcecode.swift; path = RudiApp.swift; sourceTree = "<group>"; };
		4563FF58251F10F100DF131C /* Assets.xcassets */ = {isa = PBXFileReference; lastKnownFileType = folder.assetcatalog; path = Assets.xcassets; sourceTree = "<group>"; };
		4563FF5B251F10F100DF131C /* Preview Assets.xcassets */ = {isa = PBXFileReference; lastKnownFileType = folder.assetcatalog; path = "Preview Assets.xcassets"; sourceTree = "<group>"; };
		4563FF5D251F10F100DF131C /* Persistence.swift */ = {isa = PBXFileReference; lastKnownFileType = sourcecode.swift; path = Persistence.swift; sourceTree = "<group>"; };
		4563FF60251F10F100DF131C /* Rudi.xcdatamodel */ = {isa = PBXFileReference; lastKnownFileType = wrapper.xcdatamodel; path = Rudi.xcdatamodel; sourceTree = "<group>"; };
		4563FF62251F10F100DF131C /* Info.plist */ = {isa = PBXFileReference; lastKnownFileType = text.plist.xml; path = Info.plist; sourceTree = "<group>"; };
		4564E1F0251F34DC00BE96DA /* RudiError.swift */ = {isa = PBXFileReference; fileEncoding = 4; lastKnownFileType = sourcecode.swift; path = RudiError.swift; sourceTree = "<group>"; };
		4567E3042533227200AF0333 /* AlertTypes.swift */ = {isa = PBXFileReference; lastKnownFileType = sourcecode.swift; path = AlertTypes.swift; sourceTree = "<group>"; };
		4567E30A2533237C00AF0333 /* README.md */ = {isa = PBXFileReference; lastKnownFileType = net.daringfireball.markdown; path = README.md; sourceTree = "<group>"; };
		45AE09B825207B3600F43EF2 /* Localizable.strings */ = {isa = PBXFileReference; lastKnownFileType = text.plist.strings; path = Localizable.strings; sourceTree = "<group>"; };
		45AE09C2252099E100F43EF2 /* WidgetKit.framework */ = {isa = PBXFileReference; lastKnownFileType = wrapper.framework; name = WidgetKit.framework; path = System/Library/Frameworks/WidgetKit.framework; sourceTree = SDKROOT; };
		45AE09C4252099E100F43EF2 /* SwiftUI.framework */ = {isa = PBXFileReference; lastKnownFileType = wrapper.framework; name = SwiftUI.framework; path = System/Library/Frameworks/SwiftUI.framework; sourceTree = SDKROOT; };
		45AE09D8252099ED00F43EF2 /* Rudi WidgetExtension.entitlements */ = {isa = PBXFileReference; lastKnownFileType = text.plist.entitlements; path = "Rudi WidgetExtension.entitlements"; sourceTree = "<group>"; };
		45B146C5252788EA000D1A97 /* AmpelStartViewExtension.swift */ = {isa = PBXFileReference; lastKnownFileType = sourcecode.swift; path = AmpelStartViewExtension.swift; sourceTree = "<group>"; };
		45B97938251F12A900CB2BB7 /* AmpelStartView.swift */ = {isa = PBXFileReference; lastKnownFileType = sourcecode.swift; path = AmpelStartView.swift; sourceTree = "<group>"; };
		45C4E006251F1A9400DA05A8 /* PreferencesView.swift */ = {isa = PBXFileReference; lastKnownFileType = sourcecode.swift; path = PreferencesView.swift; sourceTree = "<group>"; };
		45C4E009251F22DE00DA05A8 /* Rudi.swift */ = {isa = PBXFileReference; fileEncoding = 4; lastKnownFileType = sourcecode.swift; path = Rudi.swift; sourceTree = "<group>"; };
		45C4E00F251F231600DA05A8 /* AmpelRegion.swift */ = {isa = PBXFileReference; lastKnownFileType = sourcecode.swift; path = AmpelRegion.swift; sourceTree = "<group>"; };
		45C4E010251F231600DA05A8 /* AmpelDataSet.swift */ = {isa = PBXFileReference; lastKnownFileType = sourcecode.swift; path = AmpelDataSet.swift; sourceTree = "<group>"; };
		45E80935251F122B00665A50 /* Rudi.entitlements */ = {isa = PBXFileReference; lastKnownFileType = text.plist.entitlements; path = Rudi.entitlements; sourceTree = "<group>"; };
/* End PBXFileReference section */

/* Begin PBXFrameworksBuildPhase section */
		455C6121254C1E22008C71D5 /* Frameworks */ = {
			isa = PBXFrameworksBuildPhase;
			buildActionMask = 2147483647;
			files = (
				455C6126254C1E22008C71D5 /* SwiftUI.framework in Frameworks */,
				455C6125254C1E22008C71D5 /* WidgetKit.framework in Frameworks */,
			);
			runOnlyForDeploymentPostprocessing = 0;
		};
		4563FF4E251F10EE00DF131C /* Frameworks */ = {
			isa = PBXFrameworksBuildPhase;
			buildActionMask = 2147483647;
			files = (
			);
			runOnlyForDeploymentPostprocessing = 0;
		};
/* End PBXFrameworksBuildPhase section */

/* Begin PBXGroup section */
		4537355D2524E41D0017B036 /* Extensions */ = {
			isa = PBXGroup;
			children = (
				4537355E2524E42C0017B036 /* CircleExtension.swift */,
				45B146C5252788EA000D1A97 /* AmpelStartViewExtension.swift */,
			);
			path = Extensions;
			sourceTree = "<group>";
		};
		455C6127254C1E22008C71D5 /* RudiWidget */ = {
			isa = PBXGroup;
			children = (
				455C6128254C1E22008C71D5 /* RudiWidget.swift */,
				455C612A254C1E22008C71D5 /* Assets.xcassets */,
				455C612C254C1E22008C71D5 /* Info.plist */,
			);
			path = RudiWidget;
			sourceTree = "<group>";
		};
		4563FF48251F10EE00DF131C = {
			isa = PBXGroup;
			children = (
				452B58F5254C22E9003332FD /* RudiWidgetExtension.entitlements */,
				4567E30A2533237C00AF0333 /* README.md */,
				45AE09D8252099ED00F43EF2 /* Rudi WidgetExtension.entitlements */,
				4563FF53251F10EE00DF131C /* Rudi */,
				455C6127254C1E22008C71D5 /* RudiWidget */,
				45AE09C1252099E100F43EF2 /* Frameworks */,
				4563FF52251F10EE00DF131C /* Products */,
			);
			sourceTree = "<group>";
		};
		4563FF52251F10EE00DF131C /* Products */ = {
			isa = PBXGroup;
			children = (
				4563FF51251F10EE00DF131C /* Rudi.app */,
				455C6124254C1E22008C71D5 /* RudiWidgetExtension.appex */,
			);
			name = Products;
			sourceTree = "<group>";
		};
		4563FF53251F10EE00DF131C /* Rudi */ = {
			isa = PBXGroup;
			children = (
				4567E3092533236800AF0333 /* Classes */,
				4567E3082533234F00AF0333 /* Views */,
				4567E3032533225400AF0333 /* ENUMs */,
				4537355D2524E41D0017B036 /* Extensions */,
				45C4E019251F24CB00DA05A8 /* Codables */,
				45E80935251F122B00665A50 /* Rudi.entitlements */,
				4563FF54251F10EE00DF131C /* RudiApp.swift */,
				4563FF58251F10F100DF131C /* Assets.xcassets */,
				4563FF5D251F10F100DF131C /* Persistence.swift */,
				4563FF62251F10F100DF131C /* Info.plist */,
				4563FF5F251F10F100DF131C /* Rudi.xcdatamodeld */,
				4563FF5A251F10F100DF131C /* Preview Content */,
				4564E1F0251F34DC00BE96DA /* RudiError.swift */,
				45AE09B825207B3600F43EF2 /* Localizable.strings */,
			);
			path = Rudi;
			sourceTree = "<group>";
		};
		4563FF5A251F10F100DF131C /* Preview Content */ = {
			isa = PBXGroup;
			children = (
				4563FF5B251F10F100DF131C /* Preview Assets.xcassets */,
			);
			path = "Preview Content";
			sourceTree = "<group>";
		};
		4567E3032533225400AF0333 /* ENUMs */ = {
			isa = PBXGroup;
			children = (
				4567E3042533227200AF0333 /* AlertTypes.swift */,
			);
			path = ENUMs;
			sourceTree = "<group>";
		};
		4567E3082533234F00AF0333 /* Views */ = {
			isa = PBXGroup;
			children = (
				45B97938251F12A900CB2BB7 /* AmpelStartView.swift */,
				45C4E006251F1A9400DA05A8 /* PreferencesView.swift */,
			);
			path = Views;
			sourceTree = "<group>";
		};
		4567E3092533236800AF0333 /* Classes */ = {
			isa = PBXGroup;
			children = (
				45C4E009251F22DE00DA05A8 /* Rudi.swift */,
			);
			path = Classes;
			sourceTree = "<group>";
		};
		45AE09C1252099E100F43EF2 /* Frameworks */ = {
			isa = PBXGroup;
			children = (
				45AE09C2252099E100F43EF2 /* WidgetKit.framework */,
				45AE09C4252099E100F43EF2 /* SwiftUI.framework */,
			);
			name = Frameworks;
			sourceTree = "<group>";
		};
		45C4E019251F24CB00DA05A8 /* Codables */ = {
			isa = PBXGroup;
			children = (
				45C4E010251F231600DA05A8 /* AmpelDataSet.swift */,
				45C4E00F251F231600DA05A8 /* AmpelRegion.swift */,
			);
			path = Codables;
			sourceTree = "<group>";
		};
/* End PBXGroup section */

/* Begin PBXNativeTarget section */
		455C6123254C1E22008C71D5 /* RudiWidgetExtension */ = {
			isa = PBXNativeTarget;
			buildConfigurationList = 455C6130254C1E22008C71D5 /* Build configuration list for PBXNativeTarget "RudiWidgetExtension" */;
			buildPhases = (
				455C6120254C1E22008C71D5 /* Sources */,
				455C6121254C1E22008C71D5 /* Frameworks */,
				455C6122254C1E22008C71D5 /* Resources */,
			);
			buildRules = (
			);
			dependencies = (
			);
			name = RudiWidgetExtension;
			productName = RudiWidgetExtension;
			productReference = 455C6124254C1E22008C71D5 /* RudiWidgetExtension.appex */;
			productType = "com.apple.product-type.app-extension";
		};
		4563FF50251F10EE00DF131C /* Rudi */ = {
			isa = PBXNativeTarget;
			buildConfigurationList = 4563FF65251F10F100DF131C /* Build configuration list for PBXNativeTarget "Rudi" */;
			buildPhases = (
				4563FF4D251F10EE00DF131C /* Sources */,
				4563FF4E251F10EE00DF131C /* Frameworks */,
				4563FF4F251F10EE00DF131C /* Resources */,
				45AE09D5252099E200F43EF2 /* Embed App Extensions */,
			);
			buildRules = (
			);
			dependencies = (
				455C612E254C1E22008C71D5 /* PBXTargetDependency */,
			);
			name = Rudi;
			productName = Rudi;
			productReference = 4563FF51251F10EE00DF131C /* Rudi.app */;
			productType = "com.apple.product-type.application";
		};
/* End PBXNativeTarget section */

/* Begin PBXProject section */
		4563FF49251F10EE00DF131C /* Project object */ = {
			isa = PBXProject;
			attributes = {
				LastSwiftUpdateCheck = 1210;
				LastUpgradeCheck = 1200;
				TargetAttributes = {
					455C6123254C1E22008C71D5 = {
						CreatedOnToolsVersion = 12.1;
					};
					4563FF50251F10EE00DF131C = {
						CreatedOnToolsVersion = 12.0;
					};
				};
			};
			buildConfigurationList = 4563FF4C251F10EE00DF131C /* Build configuration list for PBXProject "Rudi" */;
			compatibilityVersion = "Xcode 9.3";
			developmentRegion = de;
			hasScannedForEncodings = 0;
			knownRegions = (
				de,
			);
			mainGroup = 4563FF48251F10EE00DF131C;
			productRefGroup = 4563FF52251F10EE00DF131C /* Products */;
			projectDirPath = "";
			projectRoot = "";
			targets = (
				4563FF50251F10EE00DF131C /* Rudi */,
				455C6123254C1E22008C71D5 /* RudiWidgetExtension */,
			);
		};
/* End PBXProject section */

/* Begin PBXResourcesBuildPhase section */
		455C6122254C1E22008C71D5 /* Resources */ = {
			isa = PBXResourcesBuildPhase;
			buildActionMask = 2147483647;
			files = (
				455C612B254C1E22008C71D5 /* Assets.xcassets in Resources */,
				455C6155254C1E97008C71D5 /* Localizable.strings in Resources */,
			);
			runOnlyForDeploymentPostprocessing = 0;
		};
		4563FF4F251F10EE00DF131C /* Resources */ = {
			isa = PBXResourcesBuildPhase;
			buildActionMask = 2147483647;
			files = (
				4563FF5C251F10F100DF131C /* Preview Assets.xcassets in Resources */,
				45AE09B925207B3600F43EF2 /* Localizable.strings in Resources */,
				4563FF59251F10F100DF131C /* Assets.xcassets in Resources */,
			);
			runOnlyForDeploymentPostprocessing = 0;
		};
/* End PBXResourcesBuildPhase section */

/* Begin PBXSourcesBuildPhase section */
		455C6120254C1E22008C71D5 /* Sources */ = {
			isa = PBXSourcesBuildPhase;
			buildActionMask = 2147483647;
			files = (
				455C613A254C1E7F008C71D5 /* CircleExtension.swift in Sources */,
				455C6159254C1EA9008C71D5 /* Rudi.swift in Sources */,
				455C6136254C1E7D008C71D5 /* AlertTypes.swift in Sources */,
				455C613E254C1E85008C71D5 /* AmpelDataSet.swift in Sources */,
				455C614D254C1E8F008C71D5 /* Persistence.swift in Sources */,
				455C6129254C1E22008C71D5 /* RudiWidget.swift in Sources */,
				455C6142254C1E88008C71D5 /* AmpelRegion.swift in Sources */,
				455C6151254C1E93008C71D5 /* RudiError.swift in Sources */,
				455C615D254C1EB7008C71D5 /* Rudi.xcdatamodeld in Sources */,
			);
			runOnlyForDeploymentPostprocessing = 0;
		};
		4563FF4D251F10EE00DF131C /* Sources */ = {
			isa = PBXSourcesBuildPhase;
			buildActionMask = 2147483647;
			files = (
				4563FF5E251F10F100DF131C /* Persistence.swift in Sources */,
				45C4E007251F1A9400DA05A8 /* PreferencesView.swift in Sources */,
				45C4E00A251F22DE00DA05A8 /* Rudi.swift in Sources */,
				4537355F2524E42D0017B036 /* CircleExtension.swift in Sources */,
				4563FF61251F10F100DF131C /* Rudi.xcdatamodeld in Sources */,
				4564E1F1251F34DC00BE96DA /* RudiError.swift in Sources */,
				45B97939251F12A900CB2BB7 /* AmpelStartView.swift in Sources */,
				4563FF55251F10EE00DF131C /* RudiApp.swift in Sources */,
				45B146C6252788EA000D1A97 /* AmpelStartViewExtension.swift in Sources */,
				4567E3052533227200AF0333 /* AlertTypes.swift in Sources */,
				45C4E014251F231600DA05A8 /* AmpelDataSet.swift in Sources */,
				45C4E012251F231600DA05A8 /* AmpelRegion.swift in Sources */,
			);
			runOnlyForDeploymentPostprocessing = 0;
		};
/* End PBXSourcesBuildPhase section */

/* Begin PBXTargetDependency section */
		455C612E254C1E22008C71D5 /* PBXTargetDependency */ = {
			isa = PBXTargetDependency;
			target = 455C6123254C1E22008C71D5 /* RudiWidgetExtension */;
			targetProxy = 455C612D254C1E22008C71D5 /* PBXContainerItemProxy */;
		};
/* End PBXTargetDependency section */

/* Begin XCBuildConfiguration section */
		455C6131254C1E22008C71D5 /* Debug */ = {
			isa = XCBuildConfiguration;
			buildSettings = {
				ASSETCATALOG_COMPILER_GLOBAL_ACCENT_COLOR_NAME = AccentColor;
				ASSETCATALOG_COMPILER_WIDGET_BACKGROUND_COLOR_NAME = WidgetBackground;
				CODE_SIGN_ENTITLEMENTS = RudiWidgetExtension.entitlements;
				CODE_SIGN_STYLE = Automatic;
				CURRENT_PROJECT_VERSION = 4;
				DEVELOPMENT_TEAM = PMCWJ9GD9L;
				INFOPLIST_FILE = RudiWidget/Info.plist;
				IPHONEOS_DEPLOYMENT_TARGET = 14.1;
				LD_RUNPATH_SEARCH_PATHS = (
					"$(inherited)",
					"@executable_path/Frameworks",
					"@executable_path/../../Frameworks",
				);
				PRODUCT_BUNDLE_IDENTIFIER = com.nitricware.Rudi.RudiWidget;
				PRODUCT_NAME = "$(TARGET_NAME)";
				SKIP_INSTALL = YES;
				SWIFT_VERSION = 5.0;
				TARGETED_DEVICE_FAMILY = "1,2";
			};
			name = Debug;
		};
		455C6132254C1E22008C71D5 /* Release */ = {
			isa = XCBuildConfiguration;
			buildSettings = {
				ASSETCATALOG_COMPILER_GLOBAL_ACCENT_COLOR_NAME = AccentColor;
				ASSETCATALOG_COMPILER_WIDGET_BACKGROUND_COLOR_NAME = WidgetBackground;
				CODE_SIGN_ENTITLEMENTS = RudiWidgetExtension.entitlements;
				CODE_SIGN_STYLE = Automatic;
				CURRENT_PROJECT_VERSION = 4;
				DEVELOPMENT_TEAM = PMCWJ9GD9L;
				INFOPLIST_FILE = RudiWidget/Info.plist;
				IPHONEOS_DEPLOYMENT_TARGET = 14.1;
				LD_RUNPATH_SEARCH_PATHS = (
					"$(inherited)",
					"@executable_path/Frameworks",
					"@executable_path/../../Frameworks",
				);
				PRODUCT_BUNDLE_IDENTIFIER = com.nitricware.Rudi.RudiWidget;
				PRODUCT_NAME = "$(TARGET_NAME)";
				SKIP_INSTALL = YES;
				SWIFT_VERSION = 5.0;
				TARGETED_DEVICE_FAMILY = "1,2";
			};
			name = Release;
		};
		4563FF63251F10F100DF131C /* Debug */ = {
			isa = XCBuildConfiguration;
			buildSettings = {
				ALWAYS_SEARCH_USER_PATHS = NO;
				CLANG_ANALYZER_NONNULL = YES;
				CLANG_ANALYZER_NUMBER_OBJECT_CONVERSION = YES_AGGRESSIVE;
				CLANG_CXX_LANGUAGE_STANDARD = "gnu++14";
				CLANG_CXX_LIBRARY = "libc++";
				CLANG_ENABLE_MODULES = YES;
				CLANG_ENABLE_OBJC_ARC = YES;
				CLANG_ENABLE_OBJC_WEAK = YES;
				CLANG_WARN_BLOCK_CAPTURE_AUTORELEASING = YES;
				CLANG_WARN_BOOL_CONVERSION = YES;
				CLANG_WARN_COMMA = YES;
				CLANG_WARN_CONSTANT_CONVERSION = YES;
				CLANG_WARN_DEPRECATED_OBJC_IMPLEMENTATIONS = YES;
				CLANG_WARN_DIRECT_OBJC_ISA_USAGE = YES_ERROR;
				CLANG_WARN_DOCUMENTATION_COMMENTS = YES;
				CLANG_WARN_EMPTY_BODY = YES;
				CLANG_WARN_ENUM_CONVERSION = YES;
				CLANG_WARN_INFINITE_RECURSION = YES;
				CLANG_WARN_INT_CONVERSION = YES;
				CLANG_WARN_NON_LITERAL_NULL_CONVERSION = YES;
				CLANG_WARN_OBJC_IMPLICIT_RETAIN_SELF = YES;
				CLANG_WARN_OBJC_LITERAL_CONVERSION = YES;
				CLANG_WARN_OBJC_ROOT_CLASS = YES_ERROR;
				CLANG_WARN_QUOTED_INCLUDE_IN_FRAMEWORK_HEADER = YES;
				CLANG_WARN_RANGE_LOOP_ANALYSIS = YES;
				CLANG_WARN_STRICT_PROTOTYPES = YES;
				CLANG_WARN_SUSPICIOUS_MOVE = YES;
				CLANG_WARN_UNGUARDED_AVAILABILITY = YES_AGGRESSIVE;
				CLANG_WARN_UNREACHABLE_CODE = YES;
				CLANG_WARN__DUPLICATE_METHOD_MATCH = YES;
				COPY_PHASE_STRIP = NO;
				DEBUG_INFORMATION_FORMAT = dwarf;
				ENABLE_STRICT_OBJC_MSGSEND = YES;
				ENABLE_TESTABILITY = YES;
				GCC_C_LANGUAGE_STANDARD = gnu11;
				GCC_DYNAMIC_NO_PIC = NO;
				GCC_NO_COMMON_BLOCKS = YES;
				GCC_OPTIMIZATION_LEVEL = 0;
				GCC_PREPROCESSOR_DEFINITIONS = (
					"DEBUG=1",
					"$(inherited)",
				);
				GCC_WARN_64_TO_32_BIT_CONVERSION = YES;
				GCC_WARN_ABOUT_RETURN_TYPE = YES_ERROR;
				GCC_WARN_UNDECLARED_SELECTOR = YES;
				GCC_WARN_UNINITIALIZED_AUTOS = YES_AGGRESSIVE;
				GCC_WARN_UNUSED_FUNCTION = YES;
				GCC_WARN_UNUSED_VARIABLE = YES;
				IPHONEOS_DEPLOYMENT_TARGET = 14.0;
				MTL_ENABLE_DEBUG_INFO = INCLUDE_SOURCE;
				MTL_FAST_MATH = YES;
				ONLY_ACTIVE_ARCH = YES;
				SDKROOT = iphoneos;
				SWIFT_ACTIVE_COMPILATION_CONDITIONS = DEBUG;
				SWIFT_OPTIMIZATION_LEVEL = "-Onone";
			};
			name = Debug;
		};
		4563FF64251F10F100DF131C /* Release */ = {
			isa = XCBuildConfiguration;
			buildSettings = {
				ALWAYS_SEARCH_USER_PATHS = NO;
				CLANG_ANALYZER_NONNULL = YES;
				CLANG_ANALYZER_NUMBER_OBJECT_CONVERSION = YES_AGGRESSIVE;
				CLANG_CXX_LANGUAGE_STANDARD = "gnu++14";
				CLANG_CXX_LIBRARY = "libc++";
				CLANG_ENABLE_MODULES = YES;
				CLANG_ENABLE_OBJC_ARC = YES;
				CLANG_ENABLE_OBJC_WEAK = YES;
				CLANG_WARN_BLOCK_CAPTURE_AUTORELEASING = YES;
				CLANG_WARN_BOOL_CONVERSION = YES;
				CLANG_WARN_COMMA = YES;
				CLANG_WARN_CONSTANT_CONVERSION = YES;
				CLANG_WARN_DEPRECATED_OBJC_IMPLEMENTATIONS = YES;
				CLANG_WARN_DIRECT_OBJC_ISA_USAGE = YES_ERROR;
				CLANG_WARN_DOCUMENTATION_COMMENTS = YES;
				CLANG_WARN_EMPTY_BODY = YES;
				CLANG_WARN_ENUM_CONVERSION = YES;
				CLANG_WARN_INFINITE_RECURSION = YES;
				CLANG_WARN_INT_CONVERSION = YES;
				CLANG_WARN_NON_LITERAL_NULL_CONVERSION = YES;
				CLANG_WARN_OBJC_IMPLICIT_RETAIN_SELF = YES;
				CLANG_WARN_OBJC_LITERAL_CONVERSION = YES;
				CLANG_WARN_OBJC_ROOT_CLASS = YES_ERROR;
				CLANG_WARN_QUOTED_INCLUDE_IN_FRAMEWORK_HEADER = YES;
				CLANG_WARN_RANGE_LOOP_ANALYSIS = YES;
				CLANG_WARN_STRICT_PROTOTYPES = YES;
				CLANG_WARN_SUSPICIOUS_MOVE = YES;
				CLANG_WARN_UNGUARDED_AVAILABILITY = YES_AGGRESSIVE;
				CLANG_WARN_UNREACHABLE_CODE = YES;
				CLANG_WARN__DUPLICATE_METHOD_MATCH = YES;
				COPY_PHASE_STRIP = NO;
				DEBUG_INFORMATION_FORMAT = "dwarf-with-dsym";
				ENABLE_NS_ASSERTIONS = NO;
				ENABLE_STRICT_OBJC_MSGSEND = YES;
				GCC_C_LANGUAGE_STANDARD = gnu11;
				GCC_NO_COMMON_BLOCKS = YES;
				GCC_WARN_64_TO_32_BIT_CONVERSION = YES;
				GCC_WARN_ABOUT_RETURN_TYPE = YES_ERROR;
				GCC_WARN_UNDECLARED_SELECTOR = YES;
				GCC_WARN_UNINITIALIZED_AUTOS = YES_AGGRESSIVE;
				GCC_WARN_UNUSED_FUNCTION = YES;
				GCC_WARN_UNUSED_VARIABLE = YES;
				IPHONEOS_DEPLOYMENT_TARGET = 14.0;
				MTL_ENABLE_DEBUG_INFO = NO;
				MTL_FAST_MATH = YES;
				SDKROOT = iphoneos;
				SWIFT_COMPILATION_MODE = wholemodule;
				SWIFT_OPTIMIZATION_LEVEL = "-O";
				VALIDATE_PRODUCT = YES;
			};
			name = Release;
		};
		4563FF66251F10F100DF131C /* Debug */ = {
			isa = XCBuildConfiguration;
			buildSettings = {
				ALWAYS_EMBED_SWIFT_STANDARD_LIBRARIES = YES;
				ASSETCATALOG_COMPILER_APPICON_NAME = AppIcon;
				ASSETCATALOG_COMPILER_GLOBAL_ACCENT_COLOR_NAME = AccentColor;
				CODE_SIGN_ENTITLEMENTS = Rudi/Rudi.entitlements;
				CODE_SIGN_STYLE = Automatic;
				CURRENT_PROJECT_VERSION = 4;
				DEVELOPMENT_ASSET_PATHS = "\"Rudi/Preview Content\"";
				DEVELOPMENT_TEAM = PMCWJ9GD9L;
				ENABLE_PREVIEWS = YES;
				INFOPLIST_FILE = Rudi/Info.plist;
				IPHONEOS_DEPLOYMENT_TARGET = 14.0;
				LD_RUNPATH_SEARCH_PATHS = (
					"$(inherited)",
					"@executable_path/Frameworks",
				);
				PRODUCT_BUNDLE_IDENTIFIER = com.nitricware.Rudi;
				PRODUCT_NAME = "$(TARGET_NAME)";
				SWIFT_VERSION = 5.0;
				TARGETED_DEVICE_FAMILY = 1;
			};
			name = Debug;
		};
		4563FF67251F10F100DF131C /* Release */ = {
			isa = XCBuildConfiguration;
			buildSettings = {
				ALWAYS_EMBED_SWIFT_STANDARD_LIBRARIES = YES;
				ASSETCATALOG_COMPILER_APPICON_NAME = AppIcon;
				ASSETCATALOG_COMPILER_GLOBAL_ACCENT_COLOR_NAME = AccentColor;
				CODE_SIGN_ENTITLEMENTS = Rudi/Rudi.entitlements;
				CODE_SIGN_STYLE = Automatic;
				CURRENT_PROJECT_VERSION = 4;
				DEVELOPMENT_ASSET_PATHS = "\"Rudi/Preview Content\"";
				DEVELOPMENT_TEAM = PMCWJ9GD9L;
				ENABLE_PREVIEWS = YES;
				INFOPLIST_FILE = Rudi/Info.plist;
				IPHONEOS_DEPLOYMENT_TARGET = 14.0;
				LD_RUNPATH_SEARCH_PATHS = (
					"$(inherited)",
					"@executable_path/Frameworks",
				);
				PRODUCT_BUNDLE_IDENTIFIER = com.nitricware.Rudi;
				PRODUCT_NAME = "$(TARGET_NAME)";
				SWIFT_VERSION = 5.0;
				TARGETED_DEVICE_FAMILY = 1;
			};
			name = Release;
		};
/* End XCBuildConfiguration section */

/* Begin XCConfigurationList section */
		455C6130254C1E22008C71D5 /* Build configuration list for PBXNativeTarget "RudiWidgetExtension" */ = {
			isa = XCConfigurationList;
			buildConfigurations = (
				455C6131254C1E22008C71D5 /* Debug */,
				455C6132254C1E22008C71D5 /* Release */,
			);
			defaultConfigurationIsVisible = 0;
			defaultConfigurationName = Release;
		};
		4563FF4C251F10EE00DF131C /* Build configuration list for PBXProject "Rudi" */ = {
			isa = XCConfigurationList;
			buildConfigurations = (
				4563FF63251F10F100DF131C /* Debug */,
				4563FF64251F10F100DF131C /* Release */,
			);
			defaultConfigurationIsVisible = 0;
			defaultConfigurationName = Release;
		};
		4563FF65251F10F100DF131C /* Build configuration list for PBXNativeTarget "Rudi" */ = {
			isa = XCConfigurationList;
			buildConfigurations = (
				4563FF66251F10F100DF131C /* Debug */,
				4563FF67251F10F100DF131C /* Release */,
			);
			defaultConfigurationIsVisible = 0;
			defaultConfigurationName = Release;
		};
/* End XCConfigurationList section */

/* Begin XCVersionGroup section */
		4563FF5F251F10F100DF131C /* Rudi.xcdatamodeld */ = {
			isa = XCVersionGroup;
			children = (
				4563FF60251F10F100DF131C /* Rudi.xcdatamodel */,
			);
			currentVersion = 4563FF60251F10F100DF131C /* Rudi.xcdatamodel */;
			path = Rudi.xcdatamodeld;
			sourceTree = "<group>";
			versionGroupType = wrapper.xcdatamodel;
		};
/* End XCVersionGroup section */
	};
	rootObject = 4563FF49251F10EE00DF131C /* Project object */;
}
